hash: 68003ae2d48e5df60b1af9fa6e0c5bb74ff7b6143c77beb5fa6bf70a72f84811
updated: 2017-07-01T18:20:36.89166688+09:00
imports:
- name: github.com/Code-Hex/sigctx
  version: 05e1d0fd7ea4d71c995d8d687451e740a9d2d6d8
- name: github.com/gorilla/websocket
  version: ea4d1f681babbce9545c9c5f3d5194a789c89f5b
- name: go.uber.org/atomic
  version: 4e336646b2ef9fc6e47be8e21594178f98e5ebcf
- name: go.uber.org/zap
  version: 9cabc84638b70e564c3dab2766efcb1ded2aac9f
  subpackages:
  - buffer
  - internal/bufferpool
  - internal/color
  - internal/exit
  - internal/multierror
  - zapcore
- name: gopkg.in/yaml.v2
  version: a3f3340b5840cee44f372bddb5880fcbc419b46a
testImports: []
